
Microsoft Visual Studio Solution File, Format Version 12.00
# Visual Studio 15
VisualStudioVersion = 15.0.28307.1062
MinimumVisualStudioVersion = 10.0.40219.1
Project("{FAE04EC0-301F-11D3-BF4B-00C04F79EFBC}") = "Chrominimum", "Chrominimum\Chrominimum.csproj", "{A20036D2-8922-4507-998F-CD54AEFCC0CD}"
EndProject
Project("{2150E333-8FDC-42A3-9474-1A3956D46DE8}") = "Solution Items", "Solution Items", "{240008E3-FFE1-4836-A5E7-2C392D87401A}"
	ProjectSection(SolutionItems) = preProject
		LICENSE.txt = LICENSE.txt
	EndProjectSection
EndProject
Global
	GlobalSection(SolutionConfigurationPlatforms) = preSolution
		Debug|x64 = Debug|x64
		Debug|x86 = Debug|x86
		Release|x64 = Release|x64
		Release|x86 = Release|x86
	EndGlobalSection
	GlobalSection(ProjectConfigurationPlatforms) = postSolution
		{A20036D2-8922-4507-998F-CD54AEFCC0CD}.Debug|x64.ActiveCfg = Debug|x64
		{A20036D2-8922-4507-998F-CD54AEFCC0CD}.Debug|x64.Build.0 = Debug|x64
		{A20036D2-8922-4507-998F-CD54AEFCC0CD}.Debug|x86.ActiveCfg = Debug|x86
		{A20036D2-8922-4507-998F-CD54AEFCC0CD}.Debug|x86.Build.0 = Debug|x86
		{A20036D2-8922-4507-998F-CD54AEFCC0CD}.Release|x64.ActiveCfg = Release|x64
		{A20036D2-8922-4507-998F-CD54AEFCC0CD}.Release|x64.Build.0 = Release|x64
		{A20036D2-8922-4507-998F-CD54AEFCC0CD}.Release|x86.ActiveCfg = Release|x86
		{A20036D2-8922-4507-998F-CD54AEFCC0CD}.Release|x86.Build.0 = Release|x86
	EndGlobalSection
	GlobalSection(SolutionProperties) = preSolution
		HideSolutionNode = FALSE
	EndGlobalSection
	GlobalSection(ExtensibilityGlobals) = postSolution
		SolutionGuid = {826F9763-CB0B-4D1E-BA90-6B36CDF6EDDD}
	EndGlobalSection
EndGlobal
