
Microsoft Visual Studio Solution File, Format Version 12.00
# Visual Studio 15
VisualStudioVersion = 15.0.28307.1062
MinimumVisualStudioVersion = 10.0.40219.1
Project("{FAE04EC0-301F-11D3-BF4B-00C04F79EFBC}") = "Chrominimum", "Chrominimum\Chrominimum.csproj", "{A20036D2-8922-4507-998F-CD54AEFCC0CD}"
EndProject
Global
	GlobalSection(SolutionConfigurationPlatforms) = preSolution
		Debug|Any CPU = Debug|Any CPU
		Release|Any CPU = Release|Any CPU
	EndGlobalSection
	GlobalSection(ProjectConfigurationPlatforms) = postSolution
		{A20036D2-8922-4507-998F-CD54AEFCC0CD}.Debug|Any CPU.ActiveCfg = Debug|Any CPU
		{A20036D2-8922-4507-998F-CD54AEFCC0CD}.Debug|Any CPU.Build.0 = Debug|Any CPU
		{A20036D2-8922-4507-998F-CD54AEFCC0CD}.Release|Any CPU.ActiveCfg = Release|Any CPU
		{A20036D2-8922-4507-998F-CD54AEFCC0CD}.Release|Any CPU.Build.0 = Release|Any CPU
	EndGlobalSection
	GlobalSection(SolutionProperties) = preSolution
		HideSolutionNode = FALSE
	EndGlobalSection
	GlobalSection(ExtensibilityGlobals) = postSolution
		SolutionGuid = {826F9763-CB0B-4D1E-BA90-6B36CDF6EDDD}
	EndGlobalSection
EndGlobal
